// !$*UTF8*$!
{
	archiveVersion = 1;
	classes = {
	};
	objectVersion = 51;
	objects = {

/* Begin PBXBuildFile section */
		059A2A8CD9A9849BF1517160 /* Pods_SmallBuisnessFinder_SmallBuisnessFinderUITests.framework in Frameworks */ = {isa = PBXBuildFile; fileRef = D006B8C8A05328FEFEDFB3C5 /* Pods_SmallBuisnessFinder_SmallBuisnessFinderUITests.framework */; };
		3BB45EDE05CBF897DCA5AC35 /* Pods_SmallBuisnessFinder.framework in Frameworks */ = {isa = PBXBuildFile; fileRef = 4366EE3C3B9542DAC32E4336 /* Pods_SmallBuisnessFinder.framework */; };
		51BDA85027C6AE00000395B2 /* AppDelegate.swift in Sources */ = {isa = PBXBuildFile; fileRef = 51BDA84F27C6AE00000395B2 /* AppDelegate.swift */; };
		51BDA85227C6AE00000395B2 /* SceneDelegate.swift in Sources */ = {isa = PBXBuildFile; fileRef = 51BDA85127C6AE00000395B2 /* SceneDelegate.swift */; };
		51BDA85427C6AE00000395B2 /* ViewController.swift in Sources */ = {isa = PBXBuildFile; fileRef = 51BDA85327C6AE00000395B2 /* ViewController.swift */; };
		51BDA85727C6AE00000395B2 /* Main.storyboard in Resources */ = {isa = PBXBuildFile; fileRef = 51BDA85527C6AE00000395B2 /* Main.storyboard */; };
		51BDA85927C6AE04000395B2 /* Assets.xcassets in Resources */ = {isa = PBXBuildFile; fileRef = 51BDA85827C6AE04000395B2 /* Assets.xcassets */; };
		51BDA85C27C6AE04000395B2 /* LaunchScreen.storyboard in Resources */ = {isa = PBXBuildFile; fileRef = 51BDA85A27C6AE04000395B2 /* LaunchScreen.storyboard */; };
		51BDA86727C6AE04000395B2 /* SmallBuisnessFinderTests.swift in Sources */ = {isa = PBXBuildFile; fileRef = 51BDA86627C6AE04000395B2 /* SmallBuisnessFinderTests.swift */; };
		51BDA87227C6AE04000395B2 /* SmallBuisnessFinderUITests.swift in Sources */ = {isa = PBXBuildFile; fileRef = 51BDA87127C6AE04000395B2 /* SmallBuisnessFinderUITests.swift */; };
		8B377AF6235B69BBD9DD4E0F /* Pods_SmallBuisnessFinderTests.framework in Frameworks */ = {isa = PBXBuildFile; fileRef = 4FD4D105EB0123D2959309A0 /* Pods_SmallBuisnessFinderTests.framework */; };
		E045C70627C707A9004A7F9C /* GoogleService-Info.plist in Resources */ = {isa = PBXBuildFile; fileRef = E045C70527C707A9004A7F9C /* GoogleService-Info.plist */; };
		E04FB53F27D92D7100E12D27 /* BusinessProfileViewController.swift in Sources */ = {isa = PBXBuildFile; fileRef = E04FB53E27D92D7100E12D27 /* BusinessProfileViewController.swift */; };
		E04FB54127D92D7D00E12D27 /* UserProfileViewController.swift in Sources */ = {isa = PBXBuildFile; fileRef = E04FB54027D92D7D00E12D27 /* UserProfileViewController.swift */; };
		E04FB54427D93A1500E12D27 /* BusinessProfileHeader.swift in Sources */ = {isa = PBXBuildFile; fileRef = E04FB54327D93A1500E12D27 /* BusinessProfileHeader.swift */; };
		E04FB54727D93D0500E12D27 /* UserObjects.swift in Sources */ = {isa = PBXBuildFile; fileRef = E04FB54627D93D0500E12D27 /* UserObjects.swift */; };
		E04FB54927D93D5500E12D27 /* BusinessObject.swift in Sources */ = {isa = PBXBuildFile; fileRef = E04FB54827D93D5500E12D27 /* BusinessObject.swift */; };
		E04FB54B27D9404700E12D27 /* UserProfileHeader.swift in Sources */ = {isa = PBXBuildFile; fileRef = E04FB54A27D9404700E12D27 /* UserProfileHeader.swift */; };
		E04FB54D27D946BE00E12D27 /* BusinessLocationViewController.swift in Sources */ = {isa = PBXBuildFile; fileRef = E04FB54C27D946BE00E12D27 /* BusinessLocationViewController.swift */; };
		E07D78C327DD4EEF002CAE72 /* reviewCell.swift in Sources */ = {isa = PBXBuildFile; fileRef = E07D78C227DD4EEF002CAE72 /* reviewCell.swift */; };
		E095958827C758B1009C75C4 /* user.swift in Sources */ = {isa = PBXBuildFile; fileRef = E095958727C758B1009C75C4 /* user.swift */; };
		E095958A27C75A07009C75C4 /* DatabaseFunctions.swift in Sources */ = {isa = PBXBuildFile; fileRef = E095958927C75A07009C75C4 /* DatabaseFunctions.swift */; };
		E095958C27C75A48009C75C4 /* extensions.swift in Sources */ = {isa = PBXBuildFile; fileRef = E095958B27C75A48009C75C4 /* extensions.swift */; };
		E095958F27C75DA3009C75C4 /* LoginViewController.swift in Sources */ = {isa = PBXBuildFile; fileRef = E095958E27C75DA3009C75C4 /* LoginViewController.swift */; };
		E095959127C75F95009C75C4 /* CreateAccountViewController.swift in Sources */ = {isa = PBXBuildFile; fileRef = E095959027C75F95009C75C4 /* CreateAccountViewController.swift */; };
		E0DCA97D27DFEA3B0021C7D2 /* FiltersViewController.swift in Sources */ = {isa = PBXBuildFile; fileRef = E0DCA97C27DFEA3B0021C7D2 /* FiltersViewController.swift */; };
		E0DCA97F27DFEABA0021C7D2 /* SearchViewController.swift in Sources */ = {isa = PBXBuildFile; fileRef = E0DCA97E27DFEABA0021C7D2 /* SearchViewController.swift */; };
		E0DCA98127E00ECD0021C7D2 /* NavigationController.swift in Sources */ = {isa = PBXBuildFile; fileRef = E0DCA98027E00ECD0021C7D2 /* NavigationController.swift */; };
		E0DCA98327E014220021C7D2 /* TabBarController.swift in Sources */ = {isa = PBXBuildFile; fileRef = E0DCA98227E014220021C7D2 /* TabBarController.swift */; };
		E8AA45D327DE844700D215C2 /* FavoritesViewController.swift in Sources */ = {isa = PBXBuildFile; fileRef = E8AA45D227DE844700D215C2 /* FavoritesViewController.swift */; };
		E8AA45D527DE897F00D215C2 /* FavoritesCell.swift in Sources */ = {isa = PBXBuildFile; fileRef = E8AA45D427DE897F00D215C2 /* FavoritesCell.swift */; };
		E8AA45D727DE924500D215C2 /* FavoritesHeader.swift in Sources */ = {isa = PBXBuildFile; fileRef = E8AA45D627DE924500D215C2 /* FavoritesHeader.swift */; };
/* End PBXBuildFile section */

/* Begin PBXContainerItemProxy section */
		51BDA86327C6AE04000395B2 /* PBXContainerItemProxy */ = {
			isa = PBXContainerItemProxy;
			containerPortal = 51BDA84427C6AE00000395B2 /* Project object */;
			proxyType = 1;
			remoteGlobalIDString = 51BDA84B27C6AE00000395B2;
			remoteInfo = SmallBuisnessFinder;
		};
		51BDA86E27C6AE04000395B2 /* PBXContainerItemProxy */ = {
			isa = PBXContainerItemProxy;
			containerPortal = 51BDA84427C6AE00000395B2 /* Project object */;
			proxyType = 1;
			remoteGlobalIDString = 51BDA84B27C6AE00000395B2;
			remoteInfo = SmallBuisnessFinder;
		};
/* End PBXContainerItemProxy section */

/* Begin PBXFileReference section */
		422E3527DECE16188565A159 /* Pods-SmallBuisnessFinder-SmallBuisnessFinderUITests.release.xcconfig */ = {isa = PBXFileReference; includeInIndex = 1; lastKnownFileType = text.xcconfig; name = "Pods-SmallBuisnessFinder-SmallBuisnessFinderUITests.release.xcconfig"; path = "Target Support Files/Pods-SmallBuisnessFinder-SmallBuisnessFinderUITests/Pods-SmallBuisnessFinder-SmallBuisnessFinderUITests.release.xcconfig"; sourceTree = "<group>"; };
		4366EE3C3B9542DAC32E4336 /* Pods_SmallBuisnessFinder.framework */ = {isa = PBXFileReference; explicitFileType = wrapper.framework; includeInIndex = 0; path = Pods_SmallBuisnessFinder.framework; sourceTree = BUILT_PRODUCTS_DIR; };
		4E581A04B987C092BF46B687 /* Pods-SmallBuisnessFinder.debug.xcconfig */ = {isa = PBXFileReference; includeInIndex = 1; lastKnownFileType = text.xcconfig; name = "Pods-SmallBuisnessFinder.debug.xcconfig"; path = "Target Support Files/Pods-SmallBuisnessFinder/Pods-SmallBuisnessFinder.debug.xcconfig"; sourceTree = "<group>"; };
		4FD4D105EB0123D2959309A0 /* Pods_SmallBuisnessFinderTests.framework */ = {isa = PBXFileReference; explicitFileType = wrapper.framework; includeInIndex = 0; path = Pods_SmallBuisnessFinderTests.framework; sourceTree = BUILT_PRODUCTS_DIR; };
		51BDA84C27C6AE00000395B2 /* SmallBuisnessFinder.app */ = {isa = PBXFileReference; explicitFileType = wrapper.application; includeInIndex = 0; path = SmallBuisnessFinder.app; sourceTree = BUILT_PRODUCTS_DIR; };
		51BDA84F27C6AE00000395B2 /* AppDelegate.swift */ = {isa = PBXFileReference; lastKnownFileType = sourcecode.swift; path = AppDelegate.swift; sourceTree = "<group>"; };
		51BDA85127C6AE00000395B2 /* SceneDelegate.swift */ = {isa = PBXFileReference; lastKnownFileType = sourcecode.swift; path = SceneDelegate.swift; sourceTree = "<group>"; };
		51BDA85327C6AE00000395B2 /* ViewController.swift */ = {isa = PBXFileReference; lastKnownFileType = sourcecode.swift; path = ViewController.swift; sourceTree = "<group>"; };
		51BDA85627C6AE00000395B2 /* Base */ = {isa = PBXFileReference; lastKnownFileType = file.storyboard; name = Base; path = Base.lproj/Main.storyboard; sourceTree = "<group>"; };
		51BDA85827C6AE04000395B2 /* Assets.xcassets */ = {isa = PBXFileReference; lastKnownFileType = folder.assetcatalog; path = Assets.xcassets; sourceTree = "<group>"; };
		51BDA85B27C6AE04000395B2 /* Base */ = {isa = PBXFileReference; lastKnownFileType = file.storyboard; name = Base; path = Base.lproj/LaunchScreen.storyboard; sourceTree = "<group>"; };
		51BDA85D27C6AE04000395B2 /* Info.plist */ = {isa = PBXFileReference; lastKnownFileType = text.plist.xml; path = Info.plist; sourceTree = "<group>"; };
		51BDA86227C6AE04000395B2 /* SmallBuisnessFinderTests.xctest */ = {isa = PBXFileReference; explicitFileType = wrapper.cfbundle; includeInIndex = 0; path = SmallBuisnessFinderTests.xctest; sourceTree = BUILT_PRODUCTS_DIR; };
		51BDA86627C6AE04000395B2 /* SmallBuisnessFinderTests.swift */ = {isa = PBXFileReference; lastKnownFileType = sourcecode.swift; path = SmallBuisnessFinderTests.swift; sourceTree = "<group>"; };
		51BDA86827C6AE04000395B2 /* Info.plist */ = {isa = PBXFileReference; lastKnownFileType = text.plist.xml; path = Info.plist; sourceTree = "<group>"; };
		51BDA86D27C6AE04000395B2 /* SmallBuisnessFinderUITests.xctest */ = {isa = PBXFileReference; explicitFileType = wrapper.cfbundle; includeInIndex = 0; path = SmallBuisnessFinderUITests.xctest; sourceTree = BUILT_PRODUCTS_DIR; };
		51BDA87127C6AE04000395B2 /* SmallBuisnessFinderUITests.swift */ = {isa = PBXFileReference; lastKnownFileType = sourcecode.swift; path = SmallBuisnessFinderUITests.swift; sourceTree = "<group>"; };
		51BDA87327C6AE04000395B2 /* Info.plist */ = {isa = PBXFileReference; lastKnownFileType = text.plist.xml; path = Info.plist; sourceTree = "<group>"; };
		92280551BA64D1DC23B6CE42 /* Pods-SmallBuisnessFinderTests.release.xcconfig */ = {isa = PBXFileReference; includeInIndex = 1; lastKnownFileType = text.xcconfig; name = "Pods-SmallBuisnessFinderTests.release.xcconfig"; path = "Target Support Files/Pods-SmallBuisnessFinderTests/Pods-SmallBuisnessFinderTests.release.xcconfig"; sourceTree = "<group>"; };
		92AB37163F46177CEF7346B4 /* Pods-SmallBuisnessFinderTests.debug.xcconfig */ = {isa = PBXFileReference; includeInIndex = 1; lastKnownFileType = text.xcconfig; name = "Pods-SmallBuisnessFinderTests.debug.xcconfig"; path = "Target Support Files/Pods-SmallBuisnessFinderTests/Pods-SmallBuisnessFinderTests.debug.xcconfig"; sourceTree = "<group>"; };
		D006B8C8A05328FEFEDFB3C5 /* Pods_SmallBuisnessFinder_SmallBuisnessFinderUITests.framework */ = {isa = PBXFileReference; explicitFileType = wrapper.framework; includeInIndex = 0; path = Pods_SmallBuisnessFinder_SmallBuisnessFinderUITests.framework; sourceTree = BUILT_PRODUCTS_DIR; };
		D1B3762EC3246546C72CDC06 /* Pods-SmallBuisnessFinder.release.xcconfig */ = {isa = PBXFileReference; includeInIndex = 1; lastKnownFileType = text.xcconfig; name = "Pods-SmallBuisnessFinder.release.xcconfig"; path = "Target Support Files/Pods-SmallBuisnessFinder/Pods-SmallBuisnessFinder.release.xcconfig"; sourceTree = "<group>"; };
		E045C70527C707A9004A7F9C /* GoogleService-Info.plist */ = {isa = PBXFileReference; fileEncoding = 4; lastKnownFileType = text.plist.xml; path = "GoogleService-Info.plist"; sourceTree = "<group>"; };
		E04FB53E27D92D7100E12D27 /* BusinessProfileViewController.swift */ = {isa = PBXFileReference; lastKnownFileType = sourcecode.swift; path = BusinessProfileViewController.swift; sourceTree = "<group>"; };
		E04FB54027D92D7D00E12D27 /* UserProfileViewController.swift */ = {isa = PBXFileReference; lastKnownFileType = sourcecode.swift; path = UserProfileViewController.swift; sourceTree = "<group>"; };
		E04FB54327D93A1500E12D27 /* BusinessProfileHeader.swift */ = {isa = PBXFileReference; lastKnownFileType = sourcecode.swift; path = BusinessProfileHeader.swift; sourceTree = "<group>"; };
		E04FB54627D93D0500E12D27 /* UserObjects.swift */ = {isa = PBXFileReference; lastKnownFileType = sourcecode.swift; path = UserObjects.swift; sourceTree = "<group>"; };
		E04FB54827D93D5500E12D27 /* BusinessObject.swift */ = {isa = PBXFileReference; lastKnownFileType = sourcecode.swift; path = BusinessObject.swift; sourceTree = "<group>"; };
		E04FB54A27D9404700E12D27 /* UserProfileHeader.swift */ = {isa = PBXFileReference; lastKnownFileType = sourcecode.swift; path = UserProfileHeader.swift; sourceTree = "<group>"; };
		E04FB54C27D946BE00E12D27 /* BusinessLocationViewController.swift */ = {isa = PBXFileReference; lastKnownFileType = sourcecode.swift; path = BusinessLocationViewController.swift; sourceTree = "<group>"; };
		E07D78C227DD4EEF002CAE72 /* reviewCell.swift */ = {isa = PBXFileReference; lastKnownFileType = sourcecode.swift; path = reviewCell.swift; sourceTree = "<group>"; };
		E095958727C758B1009C75C4 /* user.swift */ = {isa = PBXFileReference; lastKnownFileType = sourcecode.swift; path = user.swift; sourceTree = "<group>"; };
		E095958927C75A07009C75C4 /* DatabaseFunctions.swift */ = {isa = PBXFileReference; lastKnownFileType = sourcecode.swift; path = DatabaseFunctions.swift; sourceTree = "<group>"; };
		E095958B27C75A48009C75C4 /* extensions.swift */ = {isa = PBXFileReference; lastKnownFileType = sourcecode.swift; path = extensions.swift; sourceTree = "<group>"; };
		E095958E27C75DA3009C75C4 /* LoginViewController.swift */ = {isa = PBXFileReference; lastKnownFileType = sourcecode.swift; path = LoginViewController.swift; sourceTree = "<group>"; };
		E095959027C75F95009C75C4 /* CreateAccountViewController.swift */ = {isa = PBXFileReference; lastKnownFileType = sourcecode.swift; path = CreateAccountViewController.swift; sourceTree = "<group>"; };
		E0DCA97C27DFEA3B0021C7D2 /* FiltersViewController.swift */ = {isa = PBXFileReference; lastKnownFileType = sourcecode.swift; path = FiltersViewController.swift; sourceTree = "<group>"; };
		E0DCA97E27DFEABA0021C7D2 /* SearchViewController.swift */ = {isa = PBXFileReference; lastKnownFileType = sourcecode.swift; path = SearchViewController.swift; sourceTree = "<group>"; };
		E0DCA98027E00ECD0021C7D2 /* NavigationController.swift */ = {isa = PBXFileReference; lastKnownFileType = sourcecode.swift; path = NavigationController.swift; sourceTree = "<group>"; };
		E0DCA98227E014220021C7D2 /* TabBarController.swift */ = {isa = PBXFileReference; lastKnownFileType = sourcecode.swift; path = TabBarController.swift; sourceTree = "<group>"; };
		E8AA45D227DE844700D215C2 /* FavoritesViewController.swift */ = {isa = PBXFileReference; lastKnownFileType = sourcecode.swift; path = FavoritesViewController.swift; sourceTree = "<group>"; };
		E8AA45D427DE897F00D215C2 /* FavoritesCell.swift */ = {isa = PBXFileReference; lastKnownFileType = sourcecode.swift; path = FavoritesCell.swift; sourceTree = "<group>"; };
		E8AA45D627DE924500D215C2 /* FavoritesHeader.swift */ = {isa = PBXFileReference; lastKnownFileType = sourcecode.swift; path = FavoritesHeader.swift; sourceTree = "<group>"; };
		F7AA2F8403584F159AE73BA2 /* Pods-SmallBuisnessFinder-SmallBuisnessFinderUITests.debug.xcconfig */ = {isa = PBXFileReference; includeInIndex = 1; lastKnownFileType = text.xcconfig; name = "Pods-SmallBuisnessFinder-SmallBuisnessFinderUITests.debug.xcconfig"; path = "Target Support Files/Pods-SmallBuisnessFinder-SmallBuisnessFinderUITests/Pods-SmallBuisnessFinder-SmallBuisnessFinderUITests.debug.xcconfig"; sourceTree = "<group>"; };
/* End PBXFileReference section */

/* Begin PBXFrameworksBuildPhase section */
		51BDA84927C6AE00000395B2 /* Frameworks */ = {
			isa = PBXFrameworksBuildPhase;
			buildActionMask = 2147483647;
			files = (
				3BB45EDE05CBF897DCA5AC35 /* Pods_SmallBuisnessFinder.framework in Frameworks */,
			);
			runOnlyForDeploymentPostprocessing = 0;
		};
		51BDA85F27C6AE04000395B2 /* Frameworks */ = {
			isa = PBXFrameworksBuildPhase;
			buildActionMask = 2147483647;
			files = (
				8B377AF6235B69BBD9DD4E0F /* Pods_SmallBuisnessFinderTests.framework in Frameworks */,
			);
			runOnlyForDeploymentPostprocessing = 0;
		};
		51BDA86A27C6AE04000395B2 /* Frameworks */ = {
			isa = PBXFrameworksBuildPhase;
			buildActionMask = 2147483647;
			files = (
				059A2A8CD9A9849BF1517160 /* Pods_SmallBuisnessFinder_SmallBuisnessFinderUITests.framework in Frameworks */,
			);
			runOnlyForDeploymentPostprocessing = 0;
		};
/* End PBXFrameworksBuildPhase section */

/* Begin PBXGroup section */
		51BDA84327C6AE00000395B2 = {
			isa = PBXGroup;
			children = (
				51BDA84E27C6AE00000395B2 /* SmallBuisnessFinder */,
				51BDA86527C6AE04000395B2 /* SmallBuisnessFinderTests */,
				51BDA87027C6AE04000395B2 /* SmallBuisnessFinderUITests */,
				51BDA84D27C6AE00000395B2 /* Products */,
				5D8B099FFF7CE24DADEB591B /* Pods */,
				EF8C478DE05C4580B6A807CE /* Frameworks */,
			);
			sourceTree = "<group>";
		};
		51BDA84D27C6AE00000395B2 /* Products */ = {
			isa = PBXGroup;
			children = (
				51BDA84C27C6AE00000395B2 /* SmallBuisnessFinder.app */,
				51BDA86227C6AE04000395B2 /* SmallBuisnessFinderTests.xctest */,
				51BDA86D27C6AE04000395B2 /* SmallBuisnessFinderUITests.xctest */,
			);
			name = Products;
			sourceTree = "<group>";
		};
		51BDA84E27C6AE00000395B2 /* SmallBuisnessFinder */ = {
			isa = PBXGroup;
			children = (
				E0DCA97B27DFEA0F0021C7D2 /* Search */,
				E8AA45D127DE840B00D215C2 /* Favorites */,
				E07D78C127DD4ED9002CAE72 /* Cells */,
				E04FB54527D93CEE00E12D27 /* Objects */,
				E04FB54227D939FF00E12D27 /* Headers */,
				E04FB53D27D92D2500E12D27 /* Profiles */,
				E095958D27C75D83009C75C4 /* Opening */,
				E095958627C75884009C75C4 /* Resources */,
				E045C70527C707A9004A7F9C /* GoogleService-Info.plist */,
				51BDA84F27C6AE00000395B2 /* AppDelegate.swift */,
				51BDA85127C6AE00000395B2 /* SceneDelegate.swift */,
				51BDA85327C6AE00000395B2 /* ViewController.swift */,
				51BDA85527C6AE00000395B2 /* Main.storyboard */,
				51BDA85827C6AE04000395B2 /* Assets.xcassets */,
				51BDA85A27C6AE04000395B2 /* LaunchScreen.storyboard */,
				51BDA85D27C6AE04000395B2 /* Info.plist */,
				E0DCA98027E00ECD0021C7D2 /* NavigationController.swift */,
				E0DCA98227E014220021C7D2 /* TabBarController.swift */,
			);
			path = SmallBuisnessFinder;
			sourceTree = "<group>";
		};
		51BDA86527C6AE04000395B2 /* SmallBuisnessFinderTests */ = {
			isa = PBXGroup;
			children = (
				51BDA86627C6AE04000395B2 /* SmallBuisnessFinderTests.swift */,
				51BDA86827C6AE04000395B2 /* Info.plist */,
			);
			path = SmallBuisnessFinderTests;
			sourceTree = "<group>";
		};
		51BDA87027C6AE04000395B2 /* SmallBuisnessFinderUITests */ = {
			isa = PBXGroup;
			children = (
				51BDA87127C6AE04000395B2 /* SmallBuisnessFinderUITests.swift */,
				51BDA87327C6AE04000395B2 /* Info.plist */,
			);
			path = SmallBuisnessFinderUITests;
			sourceTree = "<group>";
		};
		5D8B099FFF7CE24DADEB591B /* Pods */ = {
			isa = PBXGroup;
			children = (
				4E581A04B987C092BF46B687 /* Pods-SmallBuisnessFinder.debug.xcconfig */,
				D1B3762EC3246546C72CDC06 /* Pods-SmallBuisnessFinder.release.xcconfig */,
				F7AA2F8403584F159AE73BA2 /* Pods-SmallBuisnessFinder-SmallBuisnessFinderUITests.debug.xcconfig */,
				422E3527DECE16188565A159 /* Pods-SmallBuisnessFinder-SmallBuisnessFinderUITests.release.xcconfig */,
				92AB37163F46177CEF7346B4 /* Pods-SmallBuisnessFinderTests.debug.xcconfig */,
				92280551BA64D1DC23B6CE42 /* Pods-SmallBuisnessFinderTests.release.xcconfig */,
			);
			path = Pods;
			sourceTree = "<group>";
		};
		E04FB53D27D92D2500E12D27 /* Profiles */ = {
			isa = PBXGroup;
			children = (
				E04FB53E27D92D7100E12D27 /* BusinessProfileViewController.swift */,
				E04FB54027D92D7D00E12D27 /* UserProfileViewController.swift */,
				E04FB54C27D946BE00E12D27 /* BusinessLocationViewController.swift */,
			);
			path = Profiles;
			sourceTree = "<group>";
		};
		E04FB54227D939FF00E12D27 /* Headers */ = {
			isa = PBXGroup;
			children = (
				E04FB54327D93A1500E12D27 /* BusinessProfileHeader.swift */,
				E04FB54A27D9404700E12D27 /* UserProfileHeader.swift */,
				E8AA45D627DE924500D215C2 /* FavoritesHeader.swift */,
			);
			path = Headers;
			sourceTree = "<group>";
		};
		E04FB54527D93CEE00E12D27 /* Objects */ = {
			isa = PBXGroup;
			children = (
				E04FB54627D93D0500E12D27 /* UserObjects.swift */,
				E04FB54827D93D5500E12D27 /* BusinessObject.swift */,
			);
			path = Objects;
			sourceTree = "<group>";
		};
		E07D78C127DD4ED9002CAE72 /* Cells */ = {
			isa = PBXGroup;
			children = (
				E07D78C227DD4EEF002CAE72 /* reviewCell.swift */,
				E8AA45D427DE897F00D215C2 /* FavoritesCell.swift */,
			);
			path = Cells;
			sourceTree = "<group>";
		};
		E095958627C75884009C75C4 /* Resources */ = {
			isa = PBXGroup;
			children = (
				E095958727C758B1009C75C4 /* user.swift */,
				E095958927C75A07009C75C4 /* DatabaseFunctions.swift */,
				E095958B27C75A48009C75C4 /* extensions.swift */,
			);
			path = Resources;
			sourceTree = "<group>";
		};
		E095958D27C75D83009C75C4 /* Opening */ = {
			isa = PBXGroup;
			children = (
				E095958E27C75DA3009C75C4 /* LoginViewController.swift */,
				E095959027C75F95009C75C4 /* CreateAccountViewController.swift */,
			);
			path = Opening;
			sourceTree = "<group>";
		};
		E0DCA97B27DFEA0F0021C7D2 /* Search */ = {
			isa = PBXGroup;
			children = (
				E0DCA97C27DFEA3B0021C7D2 /* FiltersViewController.swift */,
				E0DCA97E27DFEABA0021C7D2 /* SearchViewController.swift */,
			);
			path = Search;
			sourceTree = "<group>";
		};
		E8AA45D127DE840B00D215C2 /* Favorites */ = {
			isa = PBXGroup;
			children = (
				E8AA45D227DE844700D215C2 /* FavoritesViewController.swift */,
			);
			path = Favorites;
			sourceTree = "<group>";
		};
		EF8C478DE05C4580B6A807CE /* Frameworks */ = {
			isa = PBXGroup;
			children = (
				4366EE3C3B9542DAC32E4336 /* Pods_SmallBuisnessFinder.framework */,
				D006B8C8A05328FEFEDFB3C5 /* Pods_SmallBuisnessFinder_SmallBuisnessFinderUITests.framework */,
				4FD4D105EB0123D2959309A0 /* Pods_SmallBuisnessFinderTests.framework */,
			);
			name = Frameworks;
			sourceTree = "<group>";
		};
/* End PBXGroup section */

/* Begin PBXNativeTarget section */
		51BDA84B27C6AE00000395B2 /* SmallBuisnessFinder */ = {
			isa = PBXNativeTarget;
			buildConfigurationList = 51BDA87627C6AE04000395B2 /* Build configuration list for PBXNativeTarget "SmallBuisnessFinder" */;
			buildPhases = (
				250DDEEE63815BFFAFCB3BC5 /* [CP] Check Pods Manifest.lock */,
				51BDA84827C6AE00000395B2 /* Sources */,
				51BDA84927C6AE00000395B2 /* Frameworks */,
				51BDA84A27C6AE00000395B2 /* Resources */,
				1C3773BFDA0F31515A252DDF /* [CP] Embed Pods Frameworks */,
			);
			buildRules = (
			);
			dependencies = (
			);
			name = SmallBuisnessFinder;
			productName = SmallBuisnessFinder;
			productReference = 51BDA84C27C6AE00000395B2 /* SmallBuisnessFinder.app */;
			productType = "com.apple.product-type.application";
		};
		51BDA86127C6AE04000395B2 /* SmallBuisnessFinderTests */ = {
			isa = PBXNativeTarget;
			buildConfigurationList = 51BDA87927C6AE04000395B2 /* Build configuration list for PBXNativeTarget "SmallBuisnessFinderTests" */;
			buildPhases = (
				2550E6F7F5E460B4E8E18B9E /* [CP] Check Pods Manifest.lock */,
				51BDA85E27C6AE04000395B2 /* Sources */,
				51BDA85F27C6AE04000395B2 /* Frameworks */,
				51BDA86027C6AE04000395B2 /* Resources */,
			);
			buildRules = (
			);
			dependencies = (
				51BDA86427C6AE04000395B2 /* PBXTargetDependency */,
			);
			name = SmallBuisnessFinderTests;
			productName = SmallBuisnessFinderTests;
			productReference = 51BDA86227C6AE04000395B2 /* SmallBuisnessFinderTests.xctest */;
			productType = "com.apple.product-type.bundle.unit-test";
		};
		51BDA86C27C6AE04000395B2 /* SmallBuisnessFinderUITests */ = {
			isa = PBXNativeTarget;
			buildConfigurationList = 51BDA87C27C6AE04000395B2 /* Build configuration list for PBXNativeTarget "SmallBuisnessFinderUITests" */;
			buildPhases = (
				10168E0A322A6F5A807E8E71 /* [CP] Check Pods Manifest.lock */,
				51BDA86927C6AE04000395B2 /* Sources */,
				51BDA86A27C6AE04000395B2 /* Frameworks */,
				51BDA86B27C6AE04000395B2 /* Resources */,
				C212A4EE0DE690329CAFE547 /* [CP] Embed Pods Frameworks */,
			);
			buildRules = (
			);
			dependencies = (
				51BDA86F27C6AE04000395B2 /* PBXTargetDependency */,
			);
			name = SmallBuisnessFinderUITests;
			productName = SmallBuisnessFinderUITests;
			productReference = 51BDA86D27C6AE04000395B2 /* SmallBuisnessFinderUITests.xctest */;
			productType = "com.apple.product-type.bundle.ui-testing";
		};
/* End PBXNativeTarget section */

/* Begin PBXProject section */
		51BDA84427C6AE00000395B2 /* Project object */ = {
			isa = PBXProject;
			attributes = {
				LastSwiftUpdateCheck = 1250;
				LastUpgradeCheck = 1250;
				TargetAttributes = {
					51BDA84B27C6AE00000395B2 = {
						CreatedOnToolsVersion = 12.5.1;
					};
					51BDA86127C6AE04000395B2 = {
						CreatedOnToolsVersion = 12.5.1;
						TestTargetID = 51BDA84B27C6AE00000395B2;
					};
					51BDA86C27C6AE04000395B2 = {
						CreatedOnToolsVersion = 12.5.1;
						TestTargetID = 51BDA84B27C6AE00000395B2;
					};
				};
			};
			buildConfigurationList = 51BDA84727C6AE00000395B2 /* Build configuration list for PBXProject "SmallBuisnessFinder" */;
			compatibilityVersion = "Xcode 9.3";
			developmentRegion = en;
			hasScannedForEncodings = 0;
			knownRegions = (
				en,
				Base,
			);
			mainGroup = 51BDA84327C6AE00000395B2;
			productRefGroup = 51BDA84D27C6AE00000395B2 /* Products */;
			projectDirPath = "";
			projectRoot = "";
			targets = (
				51BDA84B27C6AE00000395B2 /* SmallBuisnessFinder */,
				51BDA86127C6AE04000395B2 /* SmallBuisnessFinderTests */,
				51BDA86C27C6AE04000395B2 /* SmallBuisnessFinderUITests */,
			);
		};
/* End PBXProject section */

/* Begin PBXResourcesBuildPhase section */
		51BDA84A27C6AE00000395B2 /* Resources */ = {
			isa = PBXResourcesBuildPhase;
			buildActionMask = 2147483647;
			files = (
				51BDA85C27C6AE04000395B2 /* LaunchScreen.storyboard in Resources */,
				E045C70627C707A9004A7F9C /* GoogleService-Info.plist in Resources */,
				51BDA85927C6AE04000395B2 /* Assets.xcassets in Resources */,
				51BDA85727C6AE00000395B2 /* Main.storyboard in Resources */,
			);
			runOnlyForDeploymentPostprocessing = 0;
		};
		51BDA86027C6AE04000395B2 /* Resources */ = {
			isa = PBXResourcesBuildPhase;
			buildActionMask = 2147483647;
			files = (
			);
			runOnlyForDeploymentPostprocessing = 0;
		};
		51BDA86B27C6AE04000395B2 /* Resources */ = {
			isa = PBXResourcesBuildPhase;
			buildActionMask = 2147483647;
			files = (
			);
			runOnlyForDeploymentPostprocessing = 0;
		};
/* End PBXResourcesBuildPhase section */

/* Begin PBXShellScriptBuildPhase section */
		10168E0A322A6F5A807E8E71 /* [CP] Check Pods Manifest.lock */ = {
			isa = PBXShellScriptBuildPhase;
			buildActionMask = 2147483647;
			files = (
			);
			inputFileListPaths = (
			);
			inputPaths = (
				"${PODS_PODFILE_DIR_PATH}/Podfile.lock",
				"${PODS_ROOT}/Manifest.lock",
			);
			name = "[CP] Check Pods Manifest.lock";
			outputFileListPaths = (
			);
			outputPaths = (
				"$(DERIVED_FILE_DIR)/Pods-SmallBuisnessFinder-SmallBuisnessFinderUITests-checkManifestLockResult.txt",
			);
			runOnlyForDeploymentPostprocessing = 0;
			shellPath = /bin/sh;
			shellScript = "diff \"${PODS_PODFILE_DIR_PATH}/Podfile.lock\" \"${PODS_ROOT}/Manifest.lock\" > /dev/null\nif [ $? != 0 ] ; then\n    # print error to STDERR\n    echo \"error: The sandbox is not in sync with the Podfile.lock. Run 'pod install' or update your CocoaPods installation.\" >&2\n    exit 1\nfi\n# This output is used by Xcode 'outputs' to avoid re-running this script phase.\necho \"SUCCESS\" > \"${SCRIPT_OUTPUT_FILE_0}\"\n";
			showEnvVarsInLog = 0;
		};
		1C3773BFDA0F31515A252DDF /* [CP] Embed Pods Frameworks */ = {
			isa = PBXShellScriptBuildPhase;
			buildActionMask = 2147483647;
			files = (
			);
			inputFileListPaths = (
				"${PODS_ROOT}/Target Support Files/Pods-SmallBuisnessFinder/Pods-SmallBuisnessFinder-frameworks-${CONFIGURATION}-input-files.xcfilelist",
			);
			name = "[CP] Embed Pods Frameworks";
			outputFileListPaths = (
				"${PODS_ROOT}/Target Support Files/Pods-SmallBuisnessFinder/Pods-SmallBuisnessFinder-frameworks-${CONFIGURATION}-output-files.xcfilelist",
			);
			runOnlyForDeploymentPostprocessing = 0;
			shellPath = /bin/sh;
			shellScript = "\"${PODS_ROOT}/Target Support Files/Pods-SmallBuisnessFinder/Pods-SmallBuisnessFinder-frameworks.sh\"\n";
			showEnvVarsInLog = 0;
		};
		250DDEEE63815BFFAFCB3BC5 /* [CP] Check Pods Manifest.lock */ = {
			isa = PBXShellScriptBuildPhase;
			buildActionMask = 2147483647;
			files = (
			);
			inputFileListPaths = (
			);
			inputPaths = (
				"${PODS_PODFILE_DIR_PATH}/Podfile.lock",
				"${PODS_ROOT}/Manifest.lock",
			);
			name = "[CP] Check Pods Manifest.lock";
			outputFileListPaths = (
			);
			outputPaths = (
				"$(DERIVED_FILE_DIR)/Pods-SmallBuisnessFinder-checkManifestLockResult.txt",
			);
			runOnlyForDeploymentPostprocessing = 0;
			shellPath = /bin/sh;
			shellScript = "diff \"${PODS_PODFILE_DIR_PATH}/Podfile.lock\" \"${PODS_ROOT}/Manifest.lock\" > /dev/null\nif [ $? != 0 ] ; then\n    # print error to STDERR\n    echo \"error: The sandbox is not in sync with the Podfile.lock. Run 'pod install' or update your CocoaPods installation.\" >&2\n    exit 1\nfi\n# This output is used by Xcode 'outputs' to avoid re-running this script phase.\necho \"SUCCESS\" > \"${SCRIPT_OUTPUT_FILE_0}\"\n";
			showEnvVarsInLog = 0;
		};
		2550E6F7F5E460B4E8E18B9E /* [CP] Check Pods Manifest.lock */ = {
			isa = PBXShellScriptBuildPhase;
			buildActionMask = 2147483647;
			files = (
			);
			inputFileListPaths = (
			);
			inputPaths = (
				"${PODS_PODFILE_DIR_PATH}/Podfile.lock",
				"${PODS_ROOT}/Manifest.lock",
			);
			name = "[CP] Check Pods Manifest.lock";
			outputFileListPaths = (
			);
			outputPaths = (
				"$(DERIVED_FILE_DIR)/Pods-SmallBuisnessFinderTests-checkManifestLockResult.txt",
			);
			runOnlyForDeploymentPostprocessing = 0;
			shellPath = /bin/sh;
			shellScript = "diff \"${PODS_PODFILE_DIR_PATH}/Podfile.lock\" \"${PODS_ROOT}/Manifest.lock\" > /dev/null\nif [ $? != 0 ] ; then\n    # print error to STDERR\n    echo \"error: The sandbox is not in sync with the Podfile.lock. Run 'pod install' or update your CocoaPods installation.\" >&2\n    exit 1\nfi\n# This output is used by Xcode 'outputs' to avoid re-running this script phase.\necho \"SUCCESS\" > \"${SCRIPT_OUTPUT_FILE_0}\"\n";
			showEnvVarsInLog = 0;
		};
		C212A4EE0DE690329CAFE547 /* [CP] Embed Pods Frameworks */ = {
			isa = PBXShellScriptBuildPhase;
			buildActionMask = 2147483647;
			files = (
			);
			inputFileListPaths = (
				"${PODS_ROOT}/Target Support Files/Pods-SmallBuisnessFinder-SmallBuisnessFinderUITests/Pods-SmallBuisnessFinder-SmallBuisnessFinderUITests-frameworks-${CONFIGURATION}-input-files.xcfilelist",
			);
			name = "[CP] Embed Pods Frameworks";
			outputFileListPaths = (
				"${PODS_ROOT}/Target Support Files/Pods-SmallBuisnessFinder-SmallBuisnessFinderUITests/Pods-SmallBuisnessFinder-SmallBuisnessFinderUITests-frameworks-${CONFIGURATION}-output-files.xcfilelist",
			);
			runOnlyForDeploymentPostprocessing = 0;
			shellPath = /bin/sh;
			shellScript = "\"${PODS_ROOT}/Target Support Files/Pods-SmallBuisnessFinder-SmallBuisnessFinderUITests/Pods-SmallBuisnessFinder-SmallBuisnessFinderUITests-frameworks.sh\"\n";
			showEnvVarsInLog = 0;
		};
/* End PBXShellScriptBuildPhase section */

/* Begin PBXSourcesBuildPhase section */
		51BDA84827C6AE00000395B2 /* Sources */ = {
			isa = PBXSourcesBuildPhase;
			buildActionMask = 2147483647;
			files = (
				E095958F27C75DA3009C75C4 /* LoginViewController.swift in Sources */,
				E04FB54B27D9404700E12D27 /* UserProfileHeader.swift in Sources */,
				E04FB54127D92D7D00E12D27 /* UserProfileViewController.swift in Sources */,
				E8AA45D727DE924500D215C2 /* FavoritesHeader.swift in Sources */,
				E095958827C758B1009C75C4 /* user.swift in Sources */,
				E0DCA98327E014220021C7D2 /* TabBarController.swift in Sources */,
				E095958A27C75A07009C75C4 /* DatabaseFunctions.swift in Sources */,
				E8AA45D527DE897F00D215C2 /* FavoritesCell.swift in Sources */,
				51BDA85427C6AE00000395B2 /* ViewController.swift in Sources */,
				E095959127C75F95009C75C4 /* CreateAccountViewController.swift in Sources */,
				51BDA85027C6AE00000395B2 /* AppDelegate.swift in Sources */,
				E8AA45D327DE844700D215C2 /* FavoritesViewController.swift in Sources */,
				E0DCA98127E00ECD0021C7D2 /* NavigationController.swift in Sources */,
				51BDA85227C6AE00000395B2 /* SceneDelegate.swift in Sources */,
				E095958C27C75A48009C75C4 /* extensions.swift in Sources */,
				E04FB54727D93D0500E12D27 /* UserObjects.swift in Sources */,
				E0DCA97D27DFEA3B0021C7D2 /* FiltersViewController.swift in Sources */,
				E0DCA97F27DFEABA0021C7D2 /* SearchViewController.swift in Sources */,
				E04FB54927D93D5500E12D27 /* BusinessObject.swift in Sources */,
				E04FB54D27D946BE00E12D27 /* BusinessLocationViewController.swift in Sources */,
				E07D78C327DD4EEF002CAE72 /* reviewCell.swift in Sources */,
				E04FB54427D93A1500E12D27 /* BusinessProfileHeader.swift in Sources */,
				E04FB53F27D92D7100E12D27 /* BusinessProfileViewController.swift in Sources */,
			);
			runOnlyForDeploymentPostprocessing = 0;
		};
		51BDA85E27C6AE04000395B2 /* Sources */ = {
			isa = PBXSourcesBuildPhase;
			buildActionMask = 2147483647;
			files = (
				51BDA86727C6AE04000395B2 /* SmallBuisnessFinderTests.swift in Sources */,
			);
			runOnlyForDeploymentPostprocessing = 0;
		};
		51BDA86927C6AE04000395B2 /* Sources */ = {
			isa = PBXSourcesBuildPhase;
			buildActionMask = 2147483647;
			files = (
				51BDA87227C6AE04000395B2 /* SmallBuisnessFinderUITests.swift in Sources */,
			);
			runOnlyForDeploymentPostprocessing = 0;
		};
/* End PBXSourcesBuildPhase section */

/* Begin PBXTargetDependency section */
		51BDA86427C6AE04000395B2 /* PBXTargetDependency */ = {
			isa = PBXTargetDependency;
			target = 51BDA84B27C6AE00000395B2 /* SmallBuisnessFinder */;
			targetProxy = 51BDA86327C6AE04000395B2 /* PBXContainerItemProxy */;
		};
		51BDA86F27C6AE04000395B2 /* PBXTargetDependency */ = {
			isa = PBXTargetDependency;
			target = 51BDA84B27C6AE00000395B2 /* SmallBuisnessFinder */;
			targetProxy = 51BDA86E27C6AE04000395B2 /* PBXContainerItemProxy */;
		};
/* End PBXTargetDependency section */

/* Begin PBXVariantGroup section */
		51BDA85527C6AE00000395B2 /* Main.storyboard */ = {
			isa = PBXVariantGroup;
			children = (
				51BDA85627C6AE00000395B2 /* Base */,
			);
			name = Main.storyboard;
			sourceTree = "<group>";
		};
		51BDA85A27C6AE04000395B2 /* LaunchScreen.storyboard */ = {
			isa = PBXVariantGroup;
			children = (
				51BDA85B27C6AE04000395B2 /* Base */,
			);
			name = LaunchScreen.storyboard;
			sourceTree = "<group>";
		};
/* End PBXVariantGroup section */

/* Begin XCBuildConfiguration section */
		51BDA87427C6AE04000395B2 /* Debug */ = {
			isa = XCBuildConfiguration;
			buildSettings = {
				ALWAYS_SEARCH_USER_PATHS = NO;
				CLANG_ANALYZER_NONNULL = YES;
				CLANG_ANALYZER_NUMBER_OBJECT_CONVERSION = YES_AGGRESSIVE;
				CLANG_CXX_LANGUAGE_STANDARD = "gnu++14";
				CLANG_CXX_LIBRARY = "libc++";
				CLANG_ENABLE_MODULES = YES;
				CLANG_ENABLE_OBJC_ARC = YES;
				CLANG_ENABLE_OBJC_WEAK = YES;
				CLANG_WARN_BLOCK_CAPTURE_AUTORELEASING = YES;
				CLANG_WARN_BOOL_CONVERSION = YES;
				CLANG_WARN_COMMA = YES;
				CLANG_WARN_CONSTANT_CONVERSION = YES;
				CLANG_WARN_DEPRECATED_OBJC_IMPLEMENTATIONS = YES;
				CLANG_WARN_DIRECT_OBJC_ISA_USAGE = YES_ERROR;
				CLANG_WARN_DOCUMENTATION_COMMENTS = YES;
				CLANG_WARN_EMPTY_BODY = YES;
				CLANG_WARN_ENUM_CONVERSION = YES;
				CLANG_WARN_INFINITE_RECURSION = YES;
				CLANG_WARN_INT_CONVERSION = YES;
				CLANG_WARN_NON_LITERAL_NULL_CONVERSION = YES;
				CLANG_WARN_OBJC_IMPLICIT_RETAIN_SELF = YES;
				CLANG_WARN_OBJC_LITERAL_CONVERSION = YES;
				CLANG_WARN_OBJC_ROOT_CLASS = YES_ERROR;
				CLANG_WARN_QUOTED_INCLUDE_IN_FRAMEWORK_HEADER = YES;
				CLANG_WARN_RANGE_LOOP_ANALYSIS = YES;
				CLANG_WARN_STRICT_PROTOTYPES = YES;
				CLANG_WARN_SUSPICIOUS_MOVE = YES;
				CLANG_WARN_UNGUARDED_AVAILABILITY = YES_AGGRESSIVE;
				CLANG_WARN_UNREACHABLE_CODE = YES;
				CLANG_WARN__DUPLICATE_METHOD_MATCH = YES;
				COPY_PHASE_STRIP = NO;
				DEBUG_INFORMATION_FORMAT = dwarf;
				ENABLE_STRICT_OBJC_MSGSEND = YES;
				ENABLE_TESTABILITY = YES;
				GCC_C_LANGUAGE_STANDARD = gnu11;
				GCC_DYNAMIC_NO_PIC = NO;
				GCC_NO_COMMON_BLOCKS = YES;
				GCC_OPTIMIZATION_LEVEL = 0;
				GCC_PREPROCESSOR_DEFINITIONS = (
					"DEBUG=1",
					"$(inherited)",
				);
				GCC_WARN_64_TO_32_BIT_CONVERSION = YES;
				GCC_WARN_ABOUT_RETURN_TYPE = YES_ERROR;
				GCC_WARN_UNDECLARED_SELECTOR = YES;
				GCC_WARN_UNINITIALIZED_AUTOS = YES_AGGRESSIVE;
				GCC_WARN_UNUSED_FUNCTION = YES;
				GCC_WARN_UNUSED_VARIABLE = YES;
				IPHONEOS_DEPLOYMENT_TARGET = 14.5;
				MTL_ENABLE_DEBUG_INFO = INCLUDE_SOURCE;
				MTL_FAST_MATH = YES;
				ONLY_ACTIVE_ARCH = YES;
				SDKROOT = iphoneos;
				SWIFT_ACTIVE_COMPILATION_CONDITIONS = DEBUG;
				SWIFT_OPTIMIZATION_LEVEL = "-Onone";
			};
			name = Debug;
		};
		51BDA87527C6AE04000395B2 /* Release */ = {
			isa = XCBuildConfiguration;
			buildSettings = {
				ALWAYS_SEARCH_USER_PATHS = NO;
				CLANG_ANALYZER_NONNULL = YES;
				CLANG_ANALYZER_NUMBER_OBJECT_CONVERSION = YES_AGGRESSIVE;
				CLANG_CXX_LANGUAGE_STANDARD = "gnu++14";
				CLANG_CXX_LIBRARY = "libc++";
				CLANG_ENABLE_MODULES = YES;
				CLANG_ENABLE_OBJC_ARC = YES;
				CLANG_ENABLE_OBJC_WEAK = YES;
				CLANG_WARN_BLOCK_CAPTURE_AUTORELEASING = YES;
				CLANG_WARN_BOOL_CONVERSION = YES;
				CLANG_WARN_COMMA = YES;
				CLANG_WARN_CONSTANT_CONVERSION = YES;
				CLANG_WARN_DEPRECATED_OBJC_IMPLEMENTATIONS = YES;
				CLANG_WARN_DIRECT_OBJC_ISA_USAGE = YES_ERROR;
				CLANG_WARN_DOCUMENTATION_COMMENTS = YES;
				CLANG_WARN_EMPTY_BODY = YES;
				CLANG_WARN_ENUM_CONVERSION = YES;
				CLANG_WARN_INFINITE_RECURSION = YES;
				CLANG_WARN_INT_CONVERSION = YES;
				CLANG_WARN_NON_LITERAL_NULL_CONVERSION = YES;
				CLANG_WARN_OBJC_IMPLICIT_RETAIN_SELF = YES;
				CLANG_WARN_OBJC_LITERAL_CONVERSION = YES;
				CLANG_WARN_OBJC_ROOT_CLASS = YES_ERROR;
				CLANG_WARN_QUOTED_INCLUDE_IN_FRAMEWORK_HEADER = YES;
				CLANG_WARN_RANGE_LOOP_ANALYSIS = YES;
				CLANG_WARN_STRICT_PROTOTYPES = YES;
				CLANG_WARN_SUSPICIOUS_MOVE = YES;
				CLANG_WARN_UNGUARDED_AVAILABILITY = YES_AGGRESSIVE;
				CLANG_WARN_UNREACHABLE_CODE = YES;
				CLANG_WARN__DUPLICATE_METHOD_MATCH = YES;
				COPY_PHASE_STRIP = NO;
				DEBUG_INFORMATION_FORMAT = "dwarf-with-dsym";
				ENABLE_NS_ASSERTIONS = NO;
				ENABLE_STRICT_OBJC_MSGSEND = YES;
				GCC_C_LANGUAGE_STANDARD = gnu11;
				GCC_NO_COMMON_BLOCKS = YES;
				GCC_WARN_64_TO_32_BIT_CONVERSION = YES;
				GCC_WARN_ABOUT_RETURN_TYPE = YES_ERROR;
				GCC_WARN_UNDECLARED_SELECTOR = YES;
				GCC_WARN_UNINITIALIZED_AUTOS = YES_AGGRESSIVE;
				GCC_WARN_UNUSED_FUNCTION = YES;
				GCC_WARN_UNUSED_VARIABLE = YES;
				IPHONEOS_DEPLOYMENT_TARGET = 14.5;
				MTL_ENABLE_DEBUG_INFO = NO;
				MTL_FAST_MATH = YES;
				SDKROOT = iphoneos;
				SWIFT_COMPILATION_MODE = wholemodule;
				SWIFT_OPTIMIZATION_LEVEL = "-O";
				VALIDATE_PRODUCT = YES;
			};
			name = Release;
		};
		51BDA87727C6AE04000395B2 /* Debug */ = {
			isa = XCBuildConfiguration;
			baseConfigurationReference = 4E581A04B987C092BF46B687 /* Pods-SmallBuisnessFinder.debug.xcconfig */;
			buildSettings = {
				ASSETCATALOG_COMPILER_APPICON_NAME = AppIcon;
				ASSETCATALOG_COMPILER_GLOBAL_ACCENT_COLOR_NAME = AccentColor;
				CODE_SIGN_STYLE = Automatic;
				INFOPLIST_FILE = SmallBuisnessFinder/Info.plist;
				LD_RUNPATH_SEARCH_PATHS = (
					"$(inherited)",
					"@executable_path/Frameworks",
				);
				PRODUCT_BUNDLE_IDENTIFIER = com.app.SmallBuisnessFinder;
				PRODUCT_NAME = "$(TARGET_NAME)";
				SWIFT_VERSION = 5.0;
				TARGETED_DEVICE_FAMILY = "1,2";
			};
			name = Debug;
		};
		51BDA87827C6AE04000395B2 /* Release */ = {
			isa = XCBuildConfiguration;
			baseConfigurationReference = D1B3762EC3246546C72CDC06 /* Pods-SmallBuisnessFinder.release.xcconfig */;
			buildSettings = {
				ASSETCATALOG_COMPILER_APPICON_NAME = AppIcon;
				ASSETCATALOG_COMPILER_GLOBAL_ACCENT_COLOR_NAME = AccentColor;
				CODE_SIGN_STYLE = Automatic;
				INFOPLIST_FILE = SmallBuisnessFinder/Info.plist;
				LD_RUNPATH_SEARCH_PATHS = (
					"$(inherited)",
					"@executable_path/Frameworks",
				);
				PRODUCT_BUNDLE_IDENTIFIER = com.app.SmallBuisnessFinder;
				PRODUCT_NAME = "$(TARGET_NAME)";
				SWIFT_VERSION = 5.0;
				TARGETED_DEVICE_FAMILY = "1,2";
			};
			name = Release;
		};
		51BDA87A27C6AE04000395B2 /* Debug */ = {
			isa = XCBuildConfiguration;
			baseConfigurationReference = 92AB37163F46177CEF7346B4 /* Pods-SmallBuisnessFinderTests.debug.xcconfig */;
			buildSettings = {
				ALWAYS_EMBED_SWIFT_STANDARD_LIBRARIES = YES;
				BUNDLE_LOADER = "$(TEST_HOST)";
				CODE_SIGN_STYLE = Automatic;
				INFOPLIST_FILE = SmallBuisnessFinderTests/Info.plist;
				IPHONEOS_DEPLOYMENT_TARGET = 14.5;
				LD_RUNPATH_SEARCH_PATHS = (
					"$(inherited)",
					"@executable_path/Frameworks",
					"@loader_path/Frameworks",
				);
				PRODUCT_BUNDLE_IDENTIFIER = com.app.SmallBuisnessFinderTests;
				PRODUCT_NAME = "$(TARGET_NAME)";
				SWIFT_VERSION = 5.0;
				TARGETED_DEVICE_FAMILY = "1,2";
				TEST_HOST = "$(BUILT_PRODUCTS_DIR)/SmallBuisnessFinder.app/SmallBuisnessFinder";
			};
			name = Debug;
		};
		51BDA87B27C6AE04000395B2 /* Release */ = {
			isa = XCBuildConfiguration;
			baseConfigurationReference = 92280551BA64D1DC23B6CE42 /* Pods-SmallBuisnessFinderTests.release.xcconfig */;
			buildSettings = {
				ALWAYS_EMBED_SWIFT_STANDARD_LIBRARIES = YES;
				BUNDLE_LOADER = "$(TEST_HOST)";
				CODE_SIGN_STYLE = Automatic;
				INFOPLIST_FILE = SmallBuisnessFinderTests/Info.plist;
				IPHONEOS_DEPLOYMENT_TARGET = 14.5;
				LD_RUNPATH_SEARCH_PATHS = (
					"$(inherited)",
					"@executable_path/Frameworks",
					"@loader_path/Frameworks",
				);
				PRODUCT_BUNDLE_IDENTIFIER = com.app.SmallBuisnessFinderTests;
				PRODUCT_NAME = "$(TARGET_NAME)";
				SWIFT_VERSION = 5.0;
				TARGETED_DEVICE_FAMILY = "1,2";
				TEST_HOST = "$(BUILT_PRODUCTS_DIR)/SmallBuisnessFinder.app/SmallBuisnessFinder";
			};
			name = Release;
		};
		51BDA87D27C6AE04000395B2 /* Debug */ = {
			isa = XCBuildConfiguration;
			baseConfigurationReference = F7AA2F8403584F159AE73BA2 /* Pods-SmallBuisnessFinder-SmallBuisnessFinderUITests.debug.xcconfig */;
			buildSettings = {
				ALWAYS_EMBED_SWIFT_STANDARD_LIBRARIES = YES;
				CODE_SIGN_STYLE = Automatic;
				INFOPLIST_FILE = SmallBuisnessFinderUITests/Info.plist;
				LD_RUNPATH_SEARCH_PATHS = (
					"$(inherited)",
					"@executable_path/Frameworks",
					"@loader_path/Frameworks",
				);
				PRODUCT_BUNDLE_IDENTIFIER = com.app.SmallBuisnessFinderUITests;
				PRODUCT_NAME = "$(TARGET_NAME)";
				SWIFT_VERSION = 5.0;
				TARGETED_DEVICE_FAMILY = "1,2";
				TEST_TARGET_NAME = SmallBuisnessFinder;
			};
			name = Debug;
		};
		51BDA87E27C6AE04000395B2 /* Release */ = {
			isa = XCBuildConfiguration;
			baseConfigurationReference = 422E3527DECE16188565A159 /* Pods-SmallBuisnessFinder-SmallBuisnessFinderUITests.release.xcconfig */;
			buildSettings = {
				ALWAYS_EMBED_SWIFT_STANDARD_LIBRARIES = YES;
				CODE_SIGN_STYLE = Automatic;
				INFOPLIST_FILE = SmallBuisnessFinderUITests/Info.plist;
				LD_RUNPATH_SEARCH_PATHS = (
					"$(inherited)",
					"@executable_path/Frameworks",
					"@loader_path/Frameworks",
				);
				PRODUCT_BUNDLE_IDENTIFIER = com.app.SmallBuisnessFinderUITests;
				PRODUCT_NAME = "$(TARGET_NAME)";
				SWIFT_VERSION = 5.0;
				TARGETED_DEVICE_FAMILY = "1,2";
				TEST_TARGET_NAME = SmallBuisnessFinder;
			};
			name = Release;
		};
/* End XCBuildConfiguration section */

/* Begin XCConfigurationList section */
		51BDA84727C6AE00000395B2 /* Build configuration list for PBXProject "SmallBuisnessFinder" */ = {
			isa = XCConfigurationList;
			buildConfigurations = (
				51BDA87427C6AE04000395B2 /* Debug */,
				51BDA87527C6AE04000395B2 /* Release */,
			);
			defaultConfigurationIsVisible = 0;
			defaultConfigurationName = Release;
		};
		51BDA87627C6AE04000395B2 /* Build configuration list for PBXNativeTarget "SmallBuisnessFinder" */ = {
			isa = XCConfigurationList;
			buildConfigurations = (
				51BDA87727C6AE04000395B2 /* Debug */,
				51BDA87827C6AE04000395B2 /* Release */,
			);
			defaultConfigurationIsVisible = 0;
			defaultConfigurationName = Release;
		};
		51BDA87927C6AE04000395B2 /* Build configuration list for PBXNativeTarget "SmallBuisnessFinderTests" */ = {
			isa = XCConfigurationList;
			buildConfigurations = (
				51BDA87A27C6AE04000395B2 /* Debug */,
				51BDA87B27C6AE04000395B2 /* Release */,
			);
			defaultConfigurationIsVisible = 0;
			defaultConfigurationName = Release;
		};
		51BDA87C27C6AE04000395B2 /* Build configuration list for PBXNativeTarget "SmallBuisnessFinderUITests" */ = {
			isa = XCConfigurationList;
			buildConfigurations = (
				51BDA87D27C6AE04000395B2 /* Debug */,
				51BDA87E27C6AE04000395B2 /* Release */,
			);
			defaultConfigurationIsVisible = 0;
			defaultConfigurationName = Release;
		};
/* End XCConfigurationList section */
	};
	rootObject = 51BDA84427C6AE00000395B2 /* Project object */;
}
